
Microsoft Visual Studio Solution File, Format Version 12.00
# Visual Studio Version 17
VisualStudioVersion = 17.14.36121.58 d17.14
MinimumVisualStudioVersion = 10.0.40219.1
Project("{FAE04EC0-301F-11D3-BF4B-00C04F79EFBC}") = "cinemaAppWihtPdf", "cinemaAppWihtPdf\cinemaAppWihtPdf.csproj", "{398E1528-44C4-4727-B0F2-D592C9A98A1D}"
EndProject
Global
	GlobalSection(SolutionConfigurationPlatforms) = preSolution
		Debug|Any CPU = Debug|Any CPU
		Release|Any CPU = Release|Any CPU
	EndGlobalSection
	GlobalSection(ProjectConfigurationPlatforms) = postSolution
		{398E1528-44C4-4727-B0F2-D592C9A98A1D}.Debug|Any CPU.ActiveCfg = Debug|Any CPU
		{398E1528-44C4-4727-B0F2-D592C9A98A1D}.Debug|Any CPU.Build.0 = Debug|Any CPU
		{398E1528-44C4-4727-B0F2-D592C9A98A1D}.Release|Any CPU.ActiveCfg = Release|Any CPU
		{398E1528-44C4-4727-B0F2-D592C9A98A1D}.Release|Any CPU.Build.0 = Release|Any CPU
	EndGlobalSection
	GlobalSection(SolutionProperties) = preSolution
		HideSolutionNode = FALSE
	EndGlobalSection
	GlobalSection(ExtensibilityGlobals) = postSolution
		SolutionGuid = {A923CEFC-A134-4852-B368-68FA5D667CB2}
	EndGlobalSection
EndGlobal
